
Microsoft Visual Studio Solution File, Format Version 12.00
# Visual Studio Version 17
VisualStudioVersion = 17.12.35527.113
MinimumVisualStudioVersion = 10.0.40219.1
Project("{FAE04EC0-301F-11D3-BF4B-00C04F79EFBC}") = "SYNADB", "SYNADB.csproj", "{1A51A4AE-4D94-4C11-B3B6-0288D365CF4D}"
EndProject
Global
	GlobalSection(SolutionConfigurationPlatforms) = preSolution
		Debug|Any CPU = Debug|Any CPU
		Release|Any CPU = Release|Any CPU
	EndGlobalSection
	GlobalSection(ProjectConfigurationPlatforms) = postSolution
		{1A51A4AE-4D94-4C11-B3B6-0288D365CF4D}.Debug|Any CPU.ActiveCfg = Debug|Any CPU
		{1A51A4AE-4D94-4C11-B3B6-0288D365CF4D}.Debug|Any CPU.Build.0 = Debug|Any CPU
		{1A51A4AE-4D94-4C11-B3B6-0288D365CF4D}.Release|Any CPU.ActiveCfg = Release|Any CPU
		{1A51A4AE-4D94-4C11-B3B6-0288D365CF4D}.Release|Any CPU.Build.0 = Release|Any CPU
	EndGlobalSection
	GlobalSection(SolutionProperties) = preSolution
		HideSolutionNode = FALSE
	EndGlobalSection
EndGlobal
